
Microsoft Visual Studio Solution File, Format Version 12.00
# Visual Studio Version 17
VisualStudioVersion = 17.0.31717.71
MinimumVisualStudioVersion = 10.0.40219.1
Project("{FAE04EC0-301F-11D3-BF4B-00C04F79EFBC}") = "ButtonsWPF", "ButtonsWPF\ButtonsWPF.csproj", "{99A55835-9F65-4AE6-8D43-A16FA6DA04DC}"
EndProject
Global
	GlobalSection(SolutionConfigurationPlatforms) = preSolution
		Debug|Any CPU = Debug|Any CPU
		Release|Any CPU = Release|Any CPU
	EndGlobalSection
	GlobalSection(ProjectConfigurationPlatforms) = postSolution
		{99A55835-9F65-4AE6-8D43-A16FA6DA04DC}.Debug|Any CPU.ActiveCfg = Debug|Any CPU
		{99A55835-9F65-4AE6-8D43-A16FA6DA04DC}.Debug|Any CPU.Build.0 = Debug|Any CPU
		{99A55835-9F65-4AE6-8D43-A16FA6DA04DC}.Release|Any CPU.ActiveCfg = Release|Any CPU
		{99A55835-9F65-4AE6-8D43-A16FA6DA04DC}.Release|Any CPU.Build.0 = Release|Any CPU
	EndGlobalSection
	GlobalSection(SolutionProperties) = preSolution
		HideSolutionNode = FALSE
	EndGlobalSection
	GlobalSection(ExtensibilityGlobals) = postSolution
		SolutionGuid = {83807992-1942-4BA3-9E03-EE901747CA4B}
	EndGlobalSection
EndGlobal
